
Microsoft Visual Studio Solution File, Format Version 12.00
# Visual Studio 15
VisualStudioVersion = 15.0.27004.2005
MinimumVisualStudioVersion = 10.0.40219.1
Project("{9A19103F-16F7-4668-BE54-9A1E7A4F7556}") = "EduHub", "EduHub\EduHub.csproj", "{7EB6D516-7DD9-4D7F-A9CF-057262E2C110}"
EndProject
Project("{FAE04EC0-301F-11D3-BF4B-00C04F79EFBC}") = "EduHubLibrary", "EduHubLibrary\EduHubLibrary.csproj", "{800B576C-E7A7-4595-A0ED-3295736B3442}"
EndProject
Global
	GlobalSection(SolutionConfigurationPlatforms) = preSolution
		Debug|Any CPU = Debug|Any CPU
		Release|Any CPU = Release|Any CPU
	EndGlobalSection
	GlobalSection(ProjectConfigurationPlatforms) = postSolution
		{7EB6D516-7DD9-4D7F-A9CF-057262E2C110}.Debug|Any CPU.ActiveCfg = Debug|Any CPU
		{7EB6D516-7DD9-4D7F-A9CF-057262E2C110}.Debug|Any CPU.Build.0 = Debug|Any CPU
		{7EB6D516-7DD9-4D7F-A9CF-057262E2C110}.Release|Any CPU.ActiveCfg = Release|Any CPU
		{7EB6D516-7DD9-4D7F-A9CF-057262E2C110}.Release|Any CPU.Build.0 = Release|Any CPU
		{800B576C-E7A7-4595-A0ED-3295736B3442}.Debug|Any CPU.ActiveCfg = Debug|Any CPU
		{800B576C-E7A7-4595-A0ED-3295736B3442}.Debug|Any CPU.Build.0 = Debug|Any CPU
		{800B576C-E7A7-4595-A0ED-3295736B3442}.Release|Any CPU.ActiveCfg = Release|Any CPU
		{800B576C-E7A7-4595-A0ED-3295736B3442}.Release|Any CPU.Build.0 = Release|Any CPU
	EndGlobalSection
	GlobalSection(SolutionProperties) = preSolution
		HideSolutionNode = FALSE
	EndGlobalSection
	GlobalSection(ExtensibilityGlobals) = postSolution
		SolutionGuid = {A3130E27-DA9B-40EE-B1BE-C5CD068923DF}
	EndGlobalSection
EndGlobal
